
Microsoft Visual Studio Solution File, Format Version 12.00
# Visual Studio Version 16
VisualStudioVersion = 16.0.31515.178
MinimumVisualStudioVersion = 10.0.40219.1
Project("{FAE04EC0-301F-11D3-BF4B-00C04F79EFBC}") = "Parse3", "Parse3\Parse3.csproj", "{99BFF10A-9115-4C9D-9D86-7610FF7DF0C1}"
EndProject
Global
	GlobalSection(SolutionConfigurationPlatforms) = preSolution
		Debug|Any CPU = Debug|Any CPU
		Release|Any CPU = Release|Any CPU
	EndGlobalSection
	GlobalSection(ProjectConfigurationPlatforms) = postSolution
		{99BFF10A-9115-4C9D-9D86-7610FF7DF0C1}.Debug|Any CPU.ActiveCfg = Debug|Any CPU
		{99BFF10A-9115-4C9D-9D86-7610FF7DF0C1}.Debug|Any CPU.Build.0 = Debug|Any CPU
		{99BFF10A-9115-4C9D-9D86-7610FF7DF0C1}.Release|Any CPU.ActiveCfg = Release|Any CPU
		{99BFF10A-9115-4C9D-9D86-7610FF7DF0C1}.Release|Any CPU.Build.0 = Release|Any CPU
	EndGlobalSection
	GlobalSection(SolutionProperties) = preSolution
		HideSolutionNode = FALSE
	EndGlobalSection
	GlobalSection(ExtensibilityGlobals) = postSolution
		SolutionGuid = {412B7EDE-3839-48EC-AD6A-0256242123F8}
	EndGlobalSection
EndGlobal
